{
  "name": "CustomModule",
  "version": "0.0.1",
  "lockfileVersion": 1,
  "requires": true,
  "dependencies": {
    "react-native-some-string-library": {
      "version": "1.0.0",
      "resolved": "https://registry.npmjs.org/react-native-some-string-library/-/react-native-some-string-library-1.0.0.tgz",
      "integrity": "sha512-VfWFaUmyypRf05PvOJEhEKMl1MgVuoyLvuDZH+j2hbkS2psk+lxRLWf+9XGLQNAe22qbmJUJS8C8h53mmA/HCQ=="
    }
  }
}
